// !$*UTF8*$!
{
	archiveVersion = 1;
	classes = {
	};
	objectVersion = 46;
	objects = {

/* Begin PBXBuildFile section */
		882025BA1429D704003BA1F5 /* ConferenceApp.xcdatamodeld in Sources */ = {isa = PBXBuildFile; fileRef = 882025B81429D704003BA1F5 /* ConferenceApp.xcdatamodeld */; };
		88202633142B21A5003BA1F5 /* BaseUITableViewController.m in Sources */ = {isa = PBXBuildFile; fileRef = 88202632142B21A5003BA1F5 /* BaseUITableViewController.m */; };
		88202641142B35AD003BA1F5 /* SessionTableViewController.m in Sources */ = {isa = PBXBuildFile; fileRef = 88202640142B35AD003BA1F5 /* SessionTableViewController.m */; };
		8820264A142C5CCF003BA1F5 /* Speaker.m in Sources */ = {isa = PBXBuildFile; fileRef = 88202649142C5CCF003BA1F5 /* Speaker.m */; };
		88202650142C6696003BA1F5 /* SpeakerTableViewController.m in Sources */ = {isa = PBXBuildFile; fileRef = 8820264F142C6696003BA1F5 /* SpeakerTableViewController.m */; };
		8820265A142CC2EA003BA1F5 /* Star.png in Resources */ = {isa = PBXBuildFile; fileRef = 88202656142CC2EA003BA1F5 /* Star.png */; };
		8820265B142CC2EA003BA1F5 /* Star@2x.png in Resources */ = {isa = PBXBuildFile; fileRef = 88202657142CC2EA003BA1F5 /* Star@2x.png */; };
		8820265C142CC2EA003BA1F5 /* StarSelected.png in Resources */ = {isa = PBXBuildFile; fileRef = 88202658142CC2EA003BA1F5 /* StarSelected.png */; };
		8820265D142CC2EA003BA1F5 /* StarSelected@2x.png in Resources */ = {isa = PBXBuildFile; fileRef = 88202659142CC2EA003BA1F5 /* StarSelected@2x.png */; };
		88675A851429B713003A42E1 /* UIKit.framework in Frameworks */ = {isa = PBXBuildFile; fileRef = 88675A841429B713003A42E1 /* UIKit.framework */; };
		88675A871429B713003A42E1 /* Foundation.framework in Frameworks */ = {isa = PBXBuildFile; fileRef = 88675A861429B713003A42E1 /* Foundation.framework */; };
		88675A891429B713003A42E1 /* CoreGraphics.framework in Frameworks */ = {isa = PBXBuildFile; fileRef = 88675A881429B713003A42E1 /* CoreGraphics.framework */; };
		88675AE21429BA15003A42E1 /* CFNetwork.framework in Frameworks */ = {isa = PBXBuildFile; fileRef = 88675AE11429BA15003A42E1 /* CFNetwork.framework */; };
		88675AE41429BA20003A42E1 /* CoreData.framework in Frameworks */ = {isa = PBXBuildFile; fileRef = 88675AE31429BA20003A42E1 /* CoreData.framework */; };
		88675AE61429BA2A003A42E1 /* MobileCoreServices.framework in Frameworks */ = {isa = PBXBuildFile; fileRef = 88675AE51429BA2A003A42E1 /* MobileCoreServices.framework */; };
		88675AE81429BA33003A42E1 /* SystemConfiguration.framework in Frameworks */ = {isa = PBXBuildFile; fileRef = 88675AE71429BA33003A42E1 /* SystemConfiguration.framework */; };
		88675AEA1429BA41003A42E1 /* libxml2.dylib in Frameworks */ = {isa = PBXBuildFile; fileRef = 88675AE91429BA41003A42E1 /* libxml2.dylib */; };
		88675AEB1429BA6A003A42E1 /* libRestKitJSONParserJSONKit.a in Frameworks */ = {isa = PBXBuildFile; fileRef = 88675ABF1429B8E3003A42E1 /* libRestKitJSONParserJSONKit.a */; };
		88675AEC1429BA6A003A42E1 /* libRestKitNetwork.a in Frameworks */ = {isa = PBXBuildFile; fileRef = 88675AB31429B8E3003A42E1 /* libRestKitNetwork.a */; };
		88675AED1429BA6A003A42E1 /* libRestKitObjectMapping.a in Frameworks */ = {isa = PBXBuildFile; fileRef = 88675AB51429B8E3003A42E1 /* libRestKitObjectMapping.a */; };
		88675AEE1429BA6A003A42E1 /* libRestKitSupport.a in Frameworks */ = {isa = PBXBuildFile; fileRef = 88675AB71429B8E3003A42E1 /* libRestKitSupport.a */; };
		88BDF1BC1429C936008E2774 /* ConferenceAppAppDelegate.m in Sources */ = {isa = PBXBuildFile; fileRef = 88BDF1B51429C936008E2774 /* ConferenceAppAppDelegate.m */; };
		88BDF1BD1429C936008E2774 /* InfoPlist.strings in Resources */ = {isa = PBXBuildFile; fileRef = 88BDF1B61429C936008E2774 /* InfoPlist.strings */; };
		88BDF1BE1429C936008E2774 /* MainWindow.xib in Resources */ = {isa = PBXBuildFile; fileRef = 88BDF1B81429C936008E2774 /* MainWindow.xib */; };
		88BDF1BF1429C936008E2774 /* main.m in Sources */ = {isa = PBXBuildFile; fileRef = 88BDF1BA1429C936008E2774 /* main.m */; };
		88C8485F14334A9800C500EB /* DTWebArchive.m in Sources */ = {isa = PBXBuildFile; fileRef = 88C8485814334A9800C500EB /* DTWebArchive.m */; };
		88C8486014334A9800C500EB /* DTWebResource.m in Sources */ = {isa = PBXBuildFile; fileRef = 88C8485A14334A9800C500EB /* DTWebResource.m */; };
		88C8486114334A9800C500EB /* NSDictionary+Data.m in Sources */ = {isa = PBXBuildFile; fileRef = 88C8485C14334A9800C500EB /* NSDictionary+Data.m */; };
		88C8486214334A9800C500EB /* UIPasteboard+DTWebArchive.m in Sources */ = {isa = PBXBuildFile; fileRef = 88C8485E14334A9800C500EB /* UIPasteboard+DTWebArchive.m */; };
		88C848BA143479A800C500EB /* 66-microphone.png in Resources */ = {isa = PBXBuildFile; fileRef = 88C848B6143479A800C500EB /* 66-microphone.png */; };
		88C848BB143479A800C500EB /* 66-microphone@2x.png in Resources */ = {isa = PBXBuildFile; fileRef = 88C848B7143479A800C500EB /* 66-microphone@2x.png */; };
		88C848BC143479A800C500EB /* 83-calendar.png in Resources */ = {isa = PBXBuildFile; fileRef = 88C848B8143479A800C500EB /* 83-calendar.png */; };
		88C848BD143479A800C500EB /* 83-calendar@2x.png in Resources */ = {isa = PBXBuildFile; fileRef = 88C848B9143479A800C500EB /* 83-calendar@2x.png */; };
		88C848C014347C3200C500EB /* Session.m in Sources */ = {isa = PBXBuildFile; fileRef = 88C848BF14347C3200C500EB /* Session.m */; };
		88F34865143056B200F06F1F /* SessionDetailsViewController.m in Sources */ = {isa = PBXBuildFile; fileRef = 88F34863143056B200F06F1F /* SessionDetailsViewController.m */; };
		88F34866143056B200F06F1F /* SessionDetailsViewController.xib in Resources */ = {isa = PBXBuildFile; fileRef = 88F34864143056B200F06F1F /* SessionDetailsViewController.xib */; };
		88F348BB1430737300F06F1F /* Zigzag.png in Resources */ = {isa = PBXBuildFile; fileRef = 88F348BA1430737300F06F1F /* Zigzag.png */; };
		88F348BD14307A9400F06F1F /* Zickzack.png in Resources */ = {isa = PBXBuildFile; fileRef = 88F348BC14307A9400F06F1F /* Zickzack.png */; };
		88F3496914330A1700F06F1F /* CGUtils.m in Sources */ = {isa = PBXBuildFile; fileRef = 88F3491C14330A1700F06F1F /* CGUtils.m */; };
		88F3496D14330A1700F06F1F /* DTAttributedTextCell.m in Sources */ = {isa = PBXBuildFile; fileRef = 88F3492414330A1700F06F1F /* DTAttributedTextCell.m */; };
		88F3496E14330A1700F06F1F /* DTAttributedTextContentView.m in Sources */ = {isa = PBXBuildFile; fileRef = 88F3492614330A1700F06F1F /* DTAttributedTextContentView.m */; };
		88F3496F14330A1700F06F1F /* DTAttributedTextView.m in Sources */ = {isa = PBXBuildFile; fileRef = 88F3492814330A1700F06F1F /* DTAttributedTextView.m */; };
		88F3497014330A1700F06F1F /* DTCache.m in Sources */ = {isa = PBXBuildFile; fileRef = 88F3492A14330A1700F06F1F /* DTCache.m */; };
		88F3497114330A1700F06F1F /* DTCoreTextFontCollection.m in Sources */ = {isa = PBXBuildFile; fileRef = 88F3492C14330A1700F06F1F /* DTCoreTextFontCollection.m */; };
		88F3497214330A1700F06F1F /* DTCoreTextFontDescriptor.m in Sources */ = {isa = PBXBuildFile; fileRef = 88F3492E14330A1700F06F1F /* DTCoreTextFontDescriptor.m */; };
		88F3497314330A1700F06F1F /* DTCoreTextGlyphRun.m in Sources */ = {isa = PBXBuildFile; fileRef = 88F3493014330A1700F06F1F /* DTCoreTextGlyphRun.m */; };
		88F3497414330A1700F06F1F /* DTCoreTextLayouter.m in Sources */ = {isa = PBXBuildFile; fileRef = 88F3493214330A1700F06F1F /* DTCoreTextLayouter.m */; };
		88F3497514330A1700F06F1F /* DTCoreTextLayoutFrame.m in Sources */ = {isa = PBXBuildFile; fileRef = 88F3493414330A1700F06F1F /* DTCoreTextLayoutFrame.m */; };
		88F3497614330A1700F06F1F /* DTCoreTextLayoutLine.m in Sources */ = {isa = PBXBuildFile; fileRef = 88F3493614330A1700F06F1F /* DTCoreTextLayoutLine.m */; };
		88F3497714330A1700F06F1F /* DTCoreTextParagraphStyle.m in Sources */ = {isa = PBXBuildFile; fileRef = 88F3493814330A1700F06F1F /* DTCoreTextParagraphStyle.m */; };
		88F3497814330A1700F06F1F /* DTCSSListStyle.m in Sources */ = {isa = PBXBuildFile; fileRef = 88F3493A14330A1700F06F1F /* DTCSSListStyle.m */; };
		88F3497914330A1700F06F1F /* DTCSSStylesheet.m in Sources */ = {isa = PBXBuildFile; fileRef = 88F3493C14330A1700F06F1F /* DTCSSStylesheet.m */; };
		88F3497A14330A1700F06F1F /* DTHTMLElement.m in Sources */ = {isa = PBXBuildFile; fileRef = 88F3493E14330A1700F06F1F /* DTHTMLElement.m */; };
		88F3497B14330A1700F06F1F /* DTLazyImageView.m in Sources */ = {isa = PBXBuildFile; fileRef = 88F3494014330A1700F06F1F /* DTLazyImageView.m */; };
		88F3497C14330A1700F06F1F /* DTLinkButton.m in Sources */ = {isa = PBXBuildFile; fileRef = 88F3494214330A1700F06F1F /* DTLinkButton.m */; };
		88F3497D14330A1700F06F1F /* DTRangedAttribute.m in Sources */ = {isa = PBXBuildFile; fileRef = 88F3494414330A1700F06F1F /* DTRangedAttribute.m */; };
		88F3497E14330A1700F06F1F /* DTRangedAttributesOptimizer.m in Sources */ = {isa = PBXBuildFile; fileRef = 88F3494614330A1700F06F1F /* DTRangedAttributesOptimizer.m */; };
		88F3497F14330A1700F06F1F /* DTTextAttachment.m in Sources */ = {isa = PBXBuildFile; fileRef = 88F3494814330A1700F06F1F /* DTTextAttachment.m */; };
		88F3498014330A1700F06F1F /* DTWebVideoView.m in Sources */ = {isa = PBXBuildFile; fileRef = 88F3494A14330A1700F06F1F /* DTWebVideoView.m */; };
		88F3498214330A1700F06F1F /* NSAttributedString+HTML.m in Sources */ = {isa = PBXBuildFile; fileRef = 88F3494E14330A1700F06F1F /* NSAttributedString+HTML.m */; };
		88F3498414330A1700F06F1F /* NSAttributedStringRunDelegates.m in Sources */ = {isa = PBXBuildFile; fileRef = 88F3495214330A1700F06F1F /* NSAttributedStringRunDelegates.m */; };
		88F3498514330A1700F06F1F /* NSCharacterSet+HTML.m in Sources */ = {isa = PBXBuildFile; fileRef = 88F3495414330A1700F06F1F /* NSCharacterSet+HTML.m */; };
		88F3498614330A1700F06F1F /* NSData+Base64.m in Sources */ = {isa = PBXBuildFile; fileRef = 88F3495614330A1700F06F1F /* NSData+Base64.m */; };
		88F3498714330A1700F06F1F /* NSMutableAttributedString+HTML.m in Sources */ = {isa = PBXBuildFile; fileRef = 88F3495814330A1700F06F1F /* NSMutableAttributedString+HTML.m */; };
		88F3498814330A1700F06F1F /* NSScanner+HTML.m in Sources */ = {isa = PBXBuildFile; fileRef = 88F3495A14330A1700F06F1F /* NSScanner+HTML.m */; };
		88F3498914330A1700F06F1F /* NSString+HTML.m in Sources */ = {isa = PBXBuildFile; fileRef = 88F3495C14330A1700F06F1F /* NSString+HTML.m */; };
		88F3498A14330A1700F06F1F /* NSString+UTF8Cleaner.m in Sources */ = {isa = PBXBuildFile; fileRef = 88F3495E14330A1700F06F1F /* NSString+UTF8Cleaner.m */; };
		88F3498C14330A1700F06F1F /* NSURL+HTML.m in Sources */ = {isa = PBXBuildFile; fileRef = 88F3496214330A1700F06F1F /* NSURL+HTML.m */; };
		88F3498D14330A1700F06F1F /* UIColor+HTML.m in Sources */ = {isa = PBXBuildFile; fileRef = 88F3496414330A1700F06F1F /* UIColor+HTML.m */; };
		88F3498F14330A1700F06F1F /* UIDevice+DTVersion.m in Sources */ = {isa = PBXBuildFile; fileRef = 88F3496814330A1700F06F1F /* UIDevice+DTVersion.m */; };
		88F3499114330B7800F06F1F /* QuartzCore.framework in Frameworks */ = {isa = PBXBuildFile; fileRef = 88F3499014330B7700F06F1F /* QuartzCore.framework */; };
		88F3499314330B9400F06F1F /* CoreText.framework in Frameworks */ = {isa = PBXBuildFile; fileRef = 88F3499214330B9300F06F1F /* CoreText.framework */; };
		88F3499514330BB100F06F1F /* ImageIO.framework in Frameworks */ = {isa = PBXBuildFile; fileRef = 88F3499414330BB100F06F1F /* ImageIO.framework */; };
		88FAA9B21429BE7A00238530 /* libRestKitCoreData.a in Frameworks */ = {isa = PBXBuildFile; fileRef = 88675AC31429B8E3003A42E1 /* libRestKitCoreData.a */; };
/* End PBXBuildFile section */

/* Begin PBXContainerItemProxy section */
		88675AB21429B8E3003A42E1 /* PBXContainerItemProxy */ = {
			isa = PBXContainerItemProxy;
			containerPortal = 88675A9E1429B8E2003A42E1 /* RestKit.xcodeproj */;
			proxyType = 2;
			remoteGlobalIDString = 253A07FC1255161B00976E89;
			remoteInfo = RestKitNetwork;
		};
		88675AB41429B8E3003A42E1 /* PBXContainerItemProxy */ = {
			isa = PBXContainerItemProxy;
			containerPortal = 88675A9E1429B8E2003A42E1 /* RestKit.xcodeproj */;
			proxyType = 2;
			remoteGlobalIDString = 253A08031255162C00976E89;
			remoteInfo = RestKitObjectMapping;
		};
		88675AB61429B8E3003A42E1 /* PBXContainerItemProxy */ = {
			isa = PBXContainerItemProxy;
			containerPortal = 88675A9E1429B8E2003A42E1 /* RestKit.xcodeproj */;
			proxyType = 2;
			remoteGlobalIDString = 253A080C12551D3000976E89;
			remoteInfo = RestKitSupport;
		};
		88675AB81429B8E3003A42E1 /* PBXContainerItemProxy */ = {
			isa = PBXContainerItemProxy;
			containerPortal = 88675A9E1429B8E2003A42E1 /* RestKit.xcodeproj */;
			proxyType = 2;
			remoteGlobalIDString = 20808DBD13DE8CDC000A156A;
			remoteInfo = "RestKitJSONParser+NXJSON";
		};
		88675ABA1429B8E3003A42E1 /* PBXContainerItemProxy */ = {
			isa = PBXContainerItemProxy;
			containerPortal = 88675A9E1429B8E2003A42E1 /* RestKit.xcodeproj */;
			proxyType = 2;
			remoteGlobalIDString = 2590E64F125231F600531FA8;
			remoteInfo = "RestKitJSONParser+YAJL";
		};
		88675ABC1429B8E3003A42E1 /* PBXContainerItemProxy */ = {
			isa = PBXContainerItemProxy;
			containerPortal = 88675A9E1429B8E2003A42E1 /* RestKit.xcodeproj */;
			proxyType = 2;
			remoteGlobalIDString = 2590E66B1252353700531FA8;
			remoteInfo = "RestKitJSONParser+SBJSON";
		};
		88675ABE1429B8E3003A42E1 /* PBXContainerItemProxy */ = {
			isa = PBXContainerItemProxy;
			containerPortal = 88675A9E1429B8E2003A42E1 /* RestKit.xcodeproj */;
			proxyType = 2;
			remoteGlobalIDString = 73057FD11331AD2E001908EE;
			remoteInfo = "RestKitJSONParser+JSONKit";
		};
		88675AC01429B8E3003A42E1 /* PBXContainerItemProxy */ = {
			isa = PBXContainerItemProxy;
			containerPortal = 88675A9E1429B8E2003A42E1 /* RestKit.xcodeproj */;
			proxyType = 2;
			remoteGlobalIDString = 25BD43BD1340315800DBACDD;
			remoteInfo = "RestKitXMLParser+Libxml";
		};
		88675AC21429B8E3003A42E1 /* PBXContainerItemProxy */ = {
			isa = PBXContainerItemProxy;
			containerPortal = 88675A9E1429B8E2003A42E1 /* RestKit.xcodeproj */;
			proxyType = 2;
			remoteGlobalIDString = 253A081412551D5300976E89;
			remoteInfo = RestKitCoreData;
		};
		88675AC41429B8E3003A42E1 /* PBXContainerItemProxy */ = {
			isa = PBXContainerItemProxy;
			containerPortal = 88675A9E1429B8E2003A42E1 /* RestKit.xcodeproj */;
			proxyType = 2;
			remoteGlobalIDString = 2523360511E79F090048F9B4;
			remoteInfo = RestKitThree20;
		};
		88675AC61429B8E3003A42E1 /* PBXContainerItemProxy */ = {
			isa = PBXContainerItemProxy;
			containerPortal = 88675A9E1429B8E2003A42E1 /* RestKit.xcodeproj */;
			proxyType = 2;
			remoteGlobalIDString = 3F6C39A510FE5C95008F47C5;
			remoteInfo = "RestKit Specs";
		};
		88675ADF1429B9F6003A42E1 /* PBXContainerItemProxy */ = {
			isa = PBXContainerItemProxy;
			containerPortal = 88675A9E1429B8E2003A42E1 /* RestKit.xcodeproj */;
			proxyType = 1;
			remoteGlobalIDString = 255B7588133BABBF00ED76AD;
			remoteInfo = RestKit;
		};
/* End PBXContainerItemProxy section */

/* Begin PBXFileReference section */
		882025B91429D704003BA1F5 /* ConferenceApp.xcdatamodel */ = {isa = PBXFileReference; lastKnownFileType = wrapper.xcdatamodel; path = ConferenceApp.xcdatamodel; sourceTree = "<group>"; };
		88202631142B21A5003BA1F5 /* BaseUITableViewController.h */ = {isa = PBXFileReference; fileEncoding = 4; lastKnownFileType = sourcecode.c.h; path = BaseUITableViewController.h; sourceTree = "<group>"; };
		88202632142B21A5003BA1F5 /* BaseUITableViewController.m */ = {isa = PBXFileReference; fileEncoding = 4; lastKnownFileType = sourcecode.c.objc; path = BaseUITableViewController.m; sourceTree = "<group>"; };
		8820263F142B35AD003BA1F5 /* SessionTableViewController.h */ = {isa = PBXFileReference; fileEncoding = 4; lastKnownFileType = sourcecode.c.h; path = SessionTableViewController.h; sourceTree = "<group>"; };
		88202640142B35AD003BA1F5 /* SessionTableViewController.m */ = {isa = PBXFileReference; fileEncoding = 4; lastKnownFileType = sourcecode.c.objc; path = SessionTableViewController.m; sourceTree = "<group>"; };
		88202648142C5CCF003BA1F5 /* Speaker.h */ = {isa = PBXFileReference; fileEncoding = 4; lastKnownFileType = sourcecode.c.h; path = Speaker.h; sourceTree = "<group>"; };
		88202649142C5CCF003BA1F5 /* Speaker.m */ = {isa = PBXFileReference; fileEncoding = 4; lastKnownFileType = sourcecode.c.objc; path = Speaker.m; sourceTree = "<group>"; };
		8820264E142C6696003BA1F5 /* SpeakerTableViewController.h */ = {isa = PBXFileReference; fileEncoding = 4; lastKnownFileType = sourcecode.c.h; path = SpeakerTableViewController.h; sourceTree = "<group>"; };
		8820264F142C6696003BA1F5 /* SpeakerTableViewController.m */ = {isa = PBXFileReference; fileEncoding = 4; lastKnownFileType = sourcecode.c.objc; path = SpeakerTableViewController.m; sourceTree = "<group>"; };
		88202656142CC2EA003BA1F5 /* Star.png */ = {isa = PBXFileReference; lastKnownFileType = image.png; path = Star.png; sourceTree = "<group>"; };
		88202657142CC2EA003BA1F5 /* Star@2x.png */ = {isa = PBXFileReference; lastKnownFileType = image.png; path = "Star@2x.png"; sourceTree = "<group>"; };
		88202658142CC2EA003BA1F5 /* StarSelected.png */ = {isa = PBXFileReference; lastKnownFileType = image.png; path = StarSelected.png; sourceTree = "<group>"; };
		88202659142CC2EA003BA1F5 /* StarSelected@2x.png */ = {isa = PBXFileReference; lastKnownFileType = image.png; path = "StarSelected@2x.png"; sourceTree = "<group>"; };
		88675A801429B713003A42E1 /* ConferenceApp.app */ = {isa = PBXFileReference; explicitFileType = wrapper.application; includeInIndex = 0; path = ConferenceApp.app; sourceTree = BUILT_PRODUCTS_DIR; };
		88675A841429B713003A42E1 /* UIKit.framework */ = {isa = PBXFileReference; lastKnownFileType = wrapper.framework; name = UIKit.framework; path = System/Library/Frameworks/UIKit.framework; sourceTree = SDKROOT; };
		88675A861429B713003A42E1 /* Foundation.framework */ = {isa = PBXFileReference; lastKnownFileType = wrapper.framework; name = Foundation.framework; path = System/Library/Frameworks/Foundation.framework; sourceTree = SDKROOT; };
		88675A881429B713003A42E1 /* CoreGraphics.framework */ = {isa = PBXFileReference; lastKnownFileType = wrapper.framework; name = CoreGraphics.framework; path = System/Library/Frameworks/CoreGraphics.framework; sourceTree = SDKROOT; };
		88675A9E1429B8E2003A42E1 /* RestKit.xcodeproj */ = {isa = PBXFileReference; lastKnownFileType = "wrapper.pb-project"; name = RestKit.xcodeproj; path = Frameworks/RestKit/RestKit.xcodeproj; sourceTree = "<group>"; };
		88675AE11429BA15003A42E1 /* CFNetwork.framework */ = {isa = PBXFileReference; lastKnownFileType = wrapper.framework; name = CFNetwork.framework; path = System/Library/Frameworks/CFNetwork.framework; sourceTree = SDKROOT; };
		88675AE31429BA20003A42E1 /* CoreData.framework */ = {isa = PBXFileReference; lastKnownFileType = wrapper.framework; name = CoreData.framework; path = System/Library/Frameworks/CoreData.framework; sourceTree = SDKROOT; };
		88675AE51429BA2A003A42E1 /* MobileCoreServices.framework */ = {isa = PBXFileReference; lastKnownFileType = wrapper.framework; name = MobileCoreServices.framework; path = System/Library/Frameworks/MobileCoreServices.framework; sourceTree = SDKROOT; };
		88675AE71429BA33003A42E1 /* SystemConfiguration.framework */ = {isa = PBXFileReference; lastKnownFileType = wrapper.framework; name = SystemConfiguration.framework; path = System/Library/Frameworks/SystemConfiguration.framework; sourceTree = SDKROOT; };
		88675AE91429BA41003A42E1 /* libxml2.dylib */ = {isa = PBXFileReference; lastKnownFileType = "compiled.mach-o.dylib"; name = libxml2.dylib; path = usr/lib/libxml2.dylib; sourceTree = SDKROOT; };
		88BDF1B31429C936008E2774 /* ConferenceApp-Prefix.pch */ = {isa = PBXFileReference; fileEncoding = 4; lastKnownFileType = sourcecode.c.h; path = "ConferenceApp-Prefix.pch"; sourceTree = "<group>"; };
		88BDF1B41429C936008E2774 /* ConferenceAppAppDelegate.h */ = {isa = PBXFileReference; fileEncoding = 4; lastKnownFileType = sourcecode.c.h; path = ConferenceAppAppDelegate.h; sourceTree = "<group>"; };
		88BDF1B51429C936008E2774 /* ConferenceAppAppDelegate.m */ = {isa = PBXFileReference; fileEncoding = 4; lastKnownFileType = sourcecode.c.objc; path = ConferenceAppAppDelegate.m; sourceTree = "<group>"; };
		88BDF1B71429C936008E2774 /* en */ = {isa = PBXFileReference; lastKnownFileType = text.plist.strings; name = en; path = en.lproj/InfoPlist.strings; sourceTree = "<group>"; };
		88BDF1B91429C936008E2774 /* en */ = {isa = PBXFileReference; lastKnownFileType = file.xib; name = en; path = en.lproj/MainWindow.xib; sourceTree = "<group>"; };
		88BDF1BA1429C936008E2774 /* main.m */ = {isa = PBXFileReference; fileEncoding = 4; lastKnownFileType = sourcecode.c.objc; path = main.m; sourceTree = "<group>"; };
		88BDF1C11429CA34008E2774 /* ConferenceApp-Info.plist */ = {isa = PBXFileReference; fileEncoding = 4; lastKnownFileType = text.plist.xml; path = "ConferenceApp-Info.plist"; sourceTree = "<group>"; };
		88C8485714334A9800C500EB /* DTWebArchive.h */ = {isa = PBXFileReference; fileEncoding = 4; lastKnownFileType = sourcecode.c.h; path = DTWebArchive.h; sourceTree = "<group>"; };
		88C8485814334A9800C500EB /* DTWebArchive.m */ = {isa = PBXFileReference; fileEncoding = 4; lastKnownFileType = sourcecode.c.objc; path = DTWebArchive.m; sourceTree = "<group>"; };
		88C8485914334A9800C500EB /* DTWebResource.h */ = {isa = PBXFileReference; fileEncoding = 4; lastKnownFileType = sourcecode.c.h; path = DTWebResource.h; sourceTree = "<group>"; };
		88C8485A14334A9800C500EB /* DTWebResource.m */ = {isa = PBXFileReference; fileEncoding = 4; lastKnownFileType = sourcecode.c.objc; path = DTWebResource.m; sourceTree = "<group>"; };
		88C8485B14334A9800C500EB /* NSDictionary+Data.h */ = {isa = PBXFileReference; fileEncoding = 4; lastKnownFileType = sourcecode.c.h; path = "NSDictionary+Data.h"; sourceTree = "<group>"; };
		88C8485C14334A9800C500EB /* NSDictionary+Data.m */ = {isa = PBXFileReference; fileEncoding = 4; lastKnownFileType = sourcecode.c.objc; path = "NSDictionary+Data.m"; sourceTree = "<group>"; };
		88C8485D14334A9800C500EB /* UIPasteboard+DTWebArchive.h */ = {isa = PBXFileReference; fileEncoding = 4; lastKnownFileType = sourcecode.c.h; path = "UIPasteboard+DTWebArchive.h"; sourceTree = "<group>"; };
		88C8485E14334A9800C500EB /* UIPasteboard+DTWebArchive.m */ = {isa = PBXFileReference; fileEncoding = 4; lastKnownFileType = sourcecode.c.objc; path = "UIPasteboard+DTWebArchive.m"; sourceTree = "<group>"; };
		88C848B6143479A800C500EB /* 66-microphone.png */ = {isa = PBXFileReference; lastKnownFileType = image.png; path = "66-microphone.png"; sourceTree = "<group>"; };
		88C848B7143479A800C500EB /* 66-microphone@2x.png */ = {isa = PBXFileReference; lastKnownFileType = image.png; path = "66-microphone@2x.png"; sourceTree = "<group>"; };
		88C848B8143479A800C500EB /* 83-calendar.png */ = {isa = PBXFileReference; lastKnownFileType = image.png; path = "83-calendar.png"; sourceTree = "<group>"; };
		88C848B9143479A800C500EB /* 83-calendar@2x.png */ = {isa = PBXFileReference; lastKnownFileType = image.png; path = "83-calendar@2x.png"; sourceTree = "<group>"; };
		88C848BE14347C3200C500EB /* Session.h */ = {isa = PBXFileReference; fileEncoding = 4; lastKnownFileType = sourcecode.c.h; path = Session.h; sourceTree = "<group>"; };
		88C848BF14347C3200C500EB /* Session.m */ = {isa = PBXFileReference; fileEncoding = 4; lastKnownFileType = sourcecode.c.objc; path = Session.m; sourceTree = "<group>"; };
		88F34862143056B200F06F1F /* SessionDetailsViewController.h */ = {isa = PBXFileReference; fileEncoding = 4; lastKnownFileType = sourcecode.c.h; path = SessionDetailsViewController.h; sourceTree = "<group>"; };
		88F34863143056B200F06F1F /* SessionDetailsViewController.m */ = {isa = PBXFileReference; fileEncoding = 4; lastKnownFileType = sourcecode.c.objc; path = SessionDetailsViewController.m; sourceTree = "<group>"; };
		88F34864143056B200F06F1F /* SessionDetailsViewController.xib */ = {isa = PBXFileReference; fileEncoding = 4; lastKnownFileType = file.xib; path = SessionDetailsViewController.xib; sourceTree = "<group>"; };
		88F348BA1430737300F06F1F /* Zigzag.png */ = {isa = PBXFileReference; lastKnownFileType = image.png; path = Zigzag.png; sourceTree = "<group>"; };
		88F348BC14307A9400F06F1F /* Zickzack.png */ = {isa = PBXFileReference; lastKnownFileType = image.png; path = Zickzack.png; sourceTree = "<group>"; };
		88F3491B14330A1700F06F1F /* CGUtils.h */ = {isa = PBXFileReference; fileEncoding = 4; lastKnownFileType = sourcecode.c.h; path = CGUtils.h; sourceTree = "<group>"; };
		88F3491C14330A1700F06F1F /* CGUtils.m */ = {isa = PBXFileReference; fileEncoding = 4; lastKnownFileType = sourcecode.c.objc; path = CGUtils.m; sourceTree = "<group>"; };
		88F3492314330A1700F06F1F /* DTAttributedTextCell.h */ = {isa = PBXFileReference; fileEncoding = 4; lastKnownFileType = sourcecode.c.h; path = DTAttributedTextCell.h; sourceTree = "<group>"; };
		88F3492414330A1700F06F1F /* DTAttributedTextCell.m */ = {isa = PBXFileReference; fileEncoding = 4; lastKnownFileType = sourcecode.c.objc; path = DTAttributedTextCell.m; sourceTree = "<group>"; };
		88F3492514330A1700F06F1F /* DTAttributedTextContentView.h */ = {isa = PBXFileReference; fileEncoding = 4; lastKnownFileType = sourcecode.c.h; path = DTAttributedTextContentView.h; sourceTree = "<group>"; };
		88F3492614330A1700F06F1F /* DTAttributedTextContentView.m */ = {isa = PBXFileReference; fileEncoding = 4; lastKnownFileType = sourcecode.c.objc; path = DTAttributedTextContentView.m; sourceTree = "<group>"; };
		88F3492714330A1700F06F1F /* DTAttributedTextView.h */ = {isa = PBXFileReference; fileEncoding = 4; lastKnownFileType = sourcecode.c.h; path = DTAttributedTextView.h; sourceTree = "<group>"; };
		88F3492814330A1700F06F1F /* DTAttributedTextView.m */ = {isa = PBXFileReference; fileEncoding = 4; lastKnownFileType = sourcecode.c.objc; path = DTAttributedTextView.m; sourceTree = "<group>"; };
		88F3492914330A1700F06F1F /* DTCache.h */ = {isa = PBXFileReference; fileEncoding = 4; lastKnownFileType = sourcecode.c.h; path = DTCache.h; sourceTree = "<group>"; };
		88F3492A14330A1700F06F1F /* DTCache.m */ = {isa = PBXFileReference; fileEncoding = 4; lastKnownFileType = sourcecode.c.objc; path = DTCache.m; sourceTree = "<group>"; };
		88F3492B14330A1700F06F1F /* DTCoreTextFontCollection.h */ = {isa = PBXFileReference; fileEncoding = 4; lastKnownFileType = sourcecode.c.h; path = DTCoreTextFontCollection.h; sourceTree = "<group>"; };
		88F3492C14330A1700F06F1F /* DTCoreTextFontCollection.m */ = {isa = PBXFileReference; fileEncoding = 4; lastKnownFileType = sourcecode.c.objc; path = DTCoreTextFontCollection.m; sourceTree = "<group>"; };
		88F3492D14330A1700F06F1F /* DTCoreTextFontDescriptor.h */ = {isa = PBXFileReference; fileEncoding = 4; lastKnownFileType = sourcecode.c.h; path = DTCoreTextFontDescriptor.h; sourceTree = "<group>"; };
		88F3492E14330A1700F06F1F /* DTCoreTextFontDescriptor.m */ = {isa = PBXFileReference; fileEncoding = 4; lastKnownFileType = sourcecode.c.objc; path = DTCoreTextFontDescriptor.m; sourceTree = "<group>"; };
		88F3492F14330A1700F06F1F /* DTCoreTextGlyphRun.h */ = {isa = PBXFileReference; fileEncoding = 4; lastKnownFileType = sourcecode.c.h; path = DTCoreTextGlyphRun.h; sourceTree = "<group>"; };
		88F3493014330A1700F06F1F /* DTCoreTextGlyphRun.m */ = {isa = PBXFileReference; fileEncoding = 4; lastKnownFileType = sourcecode.c.objc; path = DTCoreTextGlyphRun.m; sourceTree = "<group>"; };
		88F3493114330A1700F06F1F /* DTCoreTextLayouter.h */ = {isa = PBXFileReference; fileEncoding = 4; lastKnownFileType = sourcecode.c.h; path = DTCoreTextLayouter.h; sourceTree = "<group>"; };
		88F3493214330A1700F06F1F /* DTCoreTextLayouter.m */ = {isa = PBXFileReference; fileEncoding = 4; lastKnownFileType = sourcecode.c.objc; path = DTCoreTextLayouter.m; sourceTree = "<group>"; };
		88F3493314330A1700F06F1F /* DTCoreTextLayoutFrame.h */ = {isa = PBXFileReference; fileEncoding = 4; lastKnownFileType = sourcecode.c.h; path = DTCoreTextLayoutFrame.h; sourceTree = "<group>"; };
		88F3493414330A1700F06F1F /* DTCoreTextLayoutFrame.m */ = {isa = PBXFileReference; fileEncoding = 4; lastKnownFileType = sourcecode.c.objc; path = DTCoreTextLayoutFrame.m; sourceTree = "<group>"; };
		88F3493514330A1700F06F1F /* DTCoreTextLayoutLine.h */ = {isa = PBXFileReference; fileEncoding = 4; lastKnownFileType = sourcecode.c.h; path = DTCoreTextLayoutLine.h; sourceTree = "<group>"; };
		88F3493614330A1700F06F1F /* DTCoreTextLayoutLine.m */ = {isa = PBXFileReference; fileEncoding = 4; lastKnownFileType = sourcecode.c.objc; path = DTCoreTextLayoutLine.m; sourceTree = "<group>"; };
		88F3493714330A1700F06F1F /* DTCoreTextParagraphStyle.h */ = {isa = PBXFileReference; fileEncoding = 4; lastKnownFileType = sourcecode.c.h; path = DTCoreTextParagraphStyle.h; sourceTree = "<group>"; };
		88F3493814330A1700F06F1F /* DTCoreTextParagraphStyle.m */ = {isa = PBXFileReference; fileEncoding = 4; lastKnownFileType = sourcecode.c.objc; path = DTCoreTextParagraphStyle.m; sourceTree = "<group>"; };
		88F3493914330A1700F06F1F /* DTCSSListStyle.h */ = {isa = PBXFileReference; fileEncoding = 4; lastKnownFileType = sourcecode.c.h; path = DTCSSListStyle.h; sourceTree = "<group>"; };
		88F3493A14330A1700F06F1F /* DTCSSListStyle.m */ = {isa = PBXFileReference; fileEncoding = 4; lastKnownFileType = sourcecode.c.objc; path = DTCSSListStyle.m; sourceTree = "<group>"; };
		88F3493B14330A1700F06F1F /* DTCSSStylesheet.h */ = {isa = PBXFileReference; fileEncoding = 4; lastKnownFileType = sourcecode.c.h; path = DTCSSStylesheet.h; sourceTree = "<group>"; };
		88F3493C14330A1700F06F1F /* DTCSSStylesheet.m */ = {isa = PBXFileReference; fileEncoding = 4; lastKnownFileType = sourcecode.c.objc; path = DTCSSStylesheet.m; sourceTree = "<group>"; };
		88F3493D14330A1700F06F1F /* DTHTMLElement.h */ = {isa = PBXFileReference; fileEncoding = 4; lastKnownFileType = sourcecode.c.h; path = DTHTMLElement.h; sourceTree = "<group>"; };
		88F3493E14330A1700F06F1F /* DTHTMLElement.m */ = {isa = PBXFileReference; fileEncoding = 4; lastKnownFileType = sourcecode.c.objc; path = DTHTMLElement.m; sourceTree = "<group>"; };
		88F3493F14330A1700F06F1F /* DTLazyImageView.h */ = {isa = PBXFileReference; fileEncoding = 4; lastKnownFileType = sourcecode.c.h; path = DTLazyImageView.h; sourceTree = "<group>"; };
		88F3494014330A1700F06F1F /* DTLazyImageView.m */ = {isa = PBXFileReference; fileEncoding = 4; lastKnownFileType = sourcecode.c.objc; path = DTLazyImageView.m; sourceTree = "<group>"; };
		88F3494114330A1700F06F1F /* DTLinkButton.h */ = {isa = PBXFileReference; fileEncoding = 4; lastKnownFileType = sourcecode.c.h; path = DTLinkButton.h; sourceTree = "<group>"; };
		88F3494214330A1700F06F1F /* DTLinkButton.m */ = {isa = PBXFileReference; fileEncoding = 4; lastKnownFileType = sourcecode.c.objc; path = DTLinkButton.m; sourceTree = "<group>"; };
		88F3494314330A1700F06F1F /* DTRangedAttribute.h */ = {isa = PBXFileReference; fileEncoding = 4; lastKnownFileType = sourcecode.c.h; path = DTRangedAttribute.h; sourceTree = "<group>"; };
		88F3494414330A1700F06F1F /* DTRangedAttribute.m */ = {isa = PBXFileReference; fileEncoding = 4; lastKnownFileType = sourcecode.c.objc; path = DTRangedAttribute.m; sourceTree = "<group>"; };
		88F3494514330A1700F06F1F /* DTRangedAttributesOptimizer.h */ = {isa = PBXFileReference; fileEncoding = 4; lastKnownFileType = sourcecode.c.h; path = DTRangedAttributesOptimizer.h; sourceTree = "<group>"; };
		88F3494614330A1700F06F1F /* DTRangedAttributesOptimizer.m */ = {isa = PBXFileReference; fileEncoding = 4; lastKnownFileType = sourcecode.c.objc; path = DTRangedAttributesOptimizer.m; sourceTree = "<group>"; };
		88F3494714330A1700F06F1F /* DTTextAttachment.h */ = {isa = PBXFileReference; fileEncoding = 4; lastKnownFileType = sourcecode.c.h; path = DTTextAttachment.h; sourceTree = "<group>"; };
		88F3494814330A1700F06F1F /* DTTextAttachment.m */ = {isa = PBXFileReference; fileEncoding = 4; lastKnownFileType = sourcecode.c.objc; path = DTTextAttachment.m; sourceTree = "<group>"; };
		88F3494914330A1700F06F1F /* DTWebVideoView.h */ = {isa = PBXFileReference; fileEncoding = 4; lastKnownFileType = sourcecode.c.h; path = DTWebVideoView.h; sourceTree = "<group>"; };
		88F3494A14330A1700F06F1F /* DTWebVideoView.m */ = {isa = PBXFileReference; fileEncoding = 4; lastKnownFileType = sourcecode.c.objc; path = DTWebVideoView.m; sourceTree = "<group>"; };
		88F3494D14330A1700F06F1F /* NSAttributedString+HTML.h */ = {isa = PBXFileReference; fileEncoding = 4; lastKnownFileType = sourcecode.c.h; path = "NSAttributedString+HTML.h"; sourceTree = "<group>"; };
		88F3494E14330A1700F06F1F /* NSAttributedString+HTML.m */ = {isa = PBXFileReference; fileEncoding = 4; lastKnownFileType = sourcecode.c.objc; path = "NSAttributedString+HTML.m"; sourceTree = "<group>"; };
		88F3495114330A1700F06F1F /* NSAttributedStringRunDelegates.h */ = {isa = PBXFileReference; fileEncoding = 4; lastKnownFileType = sourcecode.c.h; path = NSAttributedStringRunDelegates.h; sourceTree = "<group>"; };
		88F3495214330A1700F06F1F /* NSAttributedStringRunDelegates.m */ = {isa = PBXFileReference; fileEncoding = 4; lastKnownFileType = sourcecode.c.objc; path = NSAttributedStringRunDelegates.m; sourceTree = "<group>"; };
		88F3495314330A1700F06F1F /* NSCharacterSet+HTML.h */ = {isa = PBXFileReference; fileEncoding = 4; lastKnownFileType = sourcecode.c.h; path = "NSCharacterSet+HTML.h"; sourceTree = "<group>"; };
		88F3495414330A1700F06F1F /* NSCharacterSet+HTML.m */ = {isa = PBXFileReference; fileEncoding = 4; lastKnownFileType = sourcecode.c.objc; path = "NSCharacterSet+HTML.m"; sourceTree = "<group>"; };
		88F3495514330A1700F06F1F /* NSData+Base64.h */ = {isa = PBXFileReference; fileEncoding = 4; lastKnownFileType = sourcecode.c.h; path = "NSData+Base64.h"; sourceTree = "<group>"; };
		88F3495614330A1700F06F1F /* NSData+Base64.m */ = {isa = PBXFileReference; fileEncoding = 4; lastKnownFileType = sourcecode.c.objc; path = "NSData+Base64.m"; sourceTree = "<group>"; };
		88F3495714330A1700F06F1F /* NSMutableAttributedString+HTML.h */ = {isa = PBXFileReference; fileEncoding = 4; lastKnownFileType = sourcecode.c.h; path = "NSMutableAttributedString+HTML.h"; sourceTree = "<group>"; };
		88F3495814330A1700F06F1F /* NSMutableAttributedString+HTML.m */ = {isa = PBXFileReference; fileEncoding = 4; lastKnownFileType = sourcecode.c.objc; path = "NSMutableAttributedString+HTML.m"; sourceTree = "<group>"; };
		88F3495914330A1700F06F1F /* NSScanner+HTML.h */ = {isa = PBXFileReference; fileEncoding = 4; lastKnownFileType = sourcecode.c.h; path = "NSScanner+HTML.h"; sourceTree = "<group>"; };
		88F3495A14330A1700F06F1F /* NSScanner+HTML.m */ = {isa = PBXFileReference; fileEncoding = 4; lastKnownFileType = sourcecode.c.objc; path = "NSScanner+HTML.m"; sourceTree = "<group>"; };
		88F3495B14330A1700F06F1F /* NSString+HTML.h */ = {isa = PBXFileReference; fileEncoding = 4; lastKnownFileType = sourcecode.c.h; path = "NSString+HTML.h"; sourceTree = "<group>"; };
		88F3495C14330A1700F06F1F /* NSString+HTML.m */ = {isa = PBXFileReference; fileEncoding = 4; lastKnownFileType = sourcecode.c.objc; path = "NSString+HTML.m"; sourceTree = "<group>"; };
		88F3495D14330A1700F06F1F /* NSString+UTF8Cleaner.h */ = {isa = PBXFileReference; fileEncoding = 4; lastKnownFileType = sourcecode.c.h; path = "NSString+UTF8Cleaner.h"; sourceTree = "<group>"; };
		88F3495E14330A1700F06F1F /* NSString+UTF8Cleaner.m */ = {isa = PBXFileReference; fileEncoding = 4; lastKnownFileType = sourcecode.c.objc; path = "NSString+UTF8Cleaner.m"; sourceTree = "<group>"; };
		88F3496114330A1700F06F1F /* NSURL+HTML.h */ = {isa = PBXFileReference; fileEncoding = 4; lastKnownFileType = sourcecode.c.h; path = "NSURL+HTML.h"; sourceTree = "<group>"; };
		88F3496214330A1700F06F1F /* NSURL+HTML.m */ = {isa = PBXFileReference; fileEncoding = 4; lastKnownFileType = sourcecode.c.objc; path = "NSURL+HTML.m"; sourceTree = "<group>"; };
		88F3496314330A1700F06F1F /* UIColor+HTML.h */ = {isa = PBXFileReference; fileEncoding = 4; lastKnownFileType = sourcecode.c.h; path = "UIColor+HTML.h"; sourceTree = "<group>"; };
		88F3496414330A1700F06F1F /* UIColor+HTML.m */ = {isa = PBXFileReference; fileEncoding = 4; lastKnownFileType = sourcecode.c.objc; path = "UIColor+HTML.m"; sourceTree = "<group>"; };
		88F3496714330A1700F06F1F /* UIDevice+DTVersion.h */ = {isa = PBXFileReference; fileEncoding = 4; lastKnownFileType = sourcecode.c.h; path = "UIDevice+DTVersion.h"; sourceTree = "<group>"; };
		88F3496814330A1700F06F1F /* UIDevice+DTVersion.m */ = {isa = PBXFileReference; fileEncoding = 4; lastKnownFileType = sourcecode.c.objc; path = "UIDevice+DTVersion.m"; sourceTree = "<group>"; };
		88F3499014330B7700F06F1F /* QuartzCore.framework */ = {isa = PBXFileReference; lastKnownFileType = wrapper.framework; name = QuartzCore.framework; path = System/Library/Frameworks/QuartzCore.framework; sourceTree = SDKROOT; };
		88F3499214330B9300F06F1F /* CoreText.framework */ = {isa = PBXFileReference; lastKnownFileType = wrapper.framework; name = CoreText.framework; path = System/Library/Frameworks/CoreText.framework; sourceTree = SDKROOT; };
		88F3499414330BB100F06F1F /* ImageIO.framework */ = {isa = PBXFileReference; lastKnownFileType = wrapper.framework; name = ImageIO.framework; path = System/Library/Frameworks/ImageIO.framework; sourceTree = SDKROOT; };
/* End PBXFileReference section */

/* Begin PBXFrameworksBuildPhase section */
		88675A7D1429B713003A42E1 /* Frameworks */ = {
			isa = PBXFrameworksBuildPhase;
			buildActionMask = 2147483647;
			files = (
				88F3499514330BB100F06F1F /* ImageIO.framework in Frameworks */,
				88F3499314330B9400F06F1F /* CoreText.framework in Frameworks */,
				88F3499114330B7800F06F1F /* QuartzCore.framework in Frameworks */,
				88FAA9B21429BE7A00238530 /* libRestKitCoreData.a in Frameworks */,
				88675AEB1429BA6A003A42E1 /* libRestKitJSONParserJSONKit.a in Frameworks */,
				88675AEC1429BA6A003A42E1 /* libRestKitNetwork.a in Frameworks */,
				88675AED1429BA6A003A42E1 /* libRestKitObjectMapping.a in Frameworks */,
				88675AEE1429BA6A003A42E1 /* libRestKitSupport.a in Frameworks */,
				88675AEA1429BA41003A42E1 /* libxml2.dylib in Frameworks */,
				88675AE81429BA33003A42E1 /* SystemConfiguration.framework in Frameworks */,
				88675AE61429BA2A003A42E1 /* MobileCoreServices.framework in Frameworks */,
				88675AE41429BA20003A42E1 /* CoreData.framework in Frameworks */,
				88675AE21429BA15003A42E1 /* CFNetwork.framework in Frameworks */,
				88675A851429B713003A42E1 /* UIKit.framework in Frameworks */,
				88675A871429B713003A42E1 /* Foundation.framework in Frameworks */,
				88675A891429B713003A42E1 /* CoreGraphics.framework in Frameworks */,
			);
			runOnlyForDeploymentPostprocessing = 0;
		};
/* End PBXFrameworksBuildPhase section */

/* Begin PBXGroup section */
		882025B71429D6D4003BA1F5 /* Model */ = {
			isa = PBXGroup;
			children = (
				88C848BE14347C3200C500EB /* Session.h */,
				88C848BF14347C3200C500EB /* Session.m */,
				882025B81429D704003BA1F5 /* ConferenceApp.xcdatamodeld */,
				88202648142C5CCF003BA1F5 /* Speaker.h */,
				88202649142C5CCF003BA1F5 /* Speaker.m */,
			);
			path = Model;
			sourceTree = "<group>";
		};
		88202655142CC2EA003BA1F5 /* Buttons */ = {
			isa = PBXGroup;
			children = (
				88C848B6143479A800C500EB /* 66-microphone.png */,
				88C848B7143479A800C500EB /* 66-microphone@2x.png */,
				88C848B8143479A800C500EB /* 83-calendar.png */,
				88C848B9143479A800C500EB /* 83-calendar@2x.png */,
				88202656142CC2EA003BA1F5 /* Star.png */,
				88202657142CC2EA003BA1F5 /* Star@2x.png */,
				88202658142CC2EA003BA1F5 /* StarSelected.png */,
				88202659142CC2EA003BA1F5 /* StarSelected@2x.png */,
			);
			path = Buttons;
			sourceTree = "<group>";
		};
		88675A751429B713003A42E1 = {
			isa = PBXGroup;
			children = (
				88675A9E1429B8E2003A42E1 /* RestKit.xcodeproj */,
				88BDF1B11429C936008E2774 /* Source */,
				88BDF1C01429CA34008E2774 /* Resources */,
				882025B71429D6D4003BA1F5 /* Model */,
				88675A831429B713003A42E1 /* Frameworks */,
				88675A811429B713003A42E1 /* Products */,
			);
			sourceTree = "<group>";
		};
		88675A811429B713003A42E1 /* Products */ = {
			isa = PBXGroup;
			children = (
				88675A801429B713003A42E1 /* ConferenceApp.app */,
			);
			name = Products;
			sourceTree = "<group>";
		};
		88675A831429B713003A42E1 /* Frameworks */ = {
			isa = PBXGroup;
			children = (
				88F3499414330BB100F06F1F /* ImageIO.framework */,
				88F3499214330B9300F06F1F /* CoreText.framework */,
				88F3499014330B7700F06F1F /* QuartzCore.framework */,
				88675AE91429BA41003A42E1 /* libxml2.dylib */,
				88675AE71429BA33003A42E1 /* SystemConfiguration.framework */,
				88675AE51429BA2A003A42E1 /* MobileCoreServices.framework */,
				88675AE31429BA20003A42E1 /* CoreData.framework */,
				88675AE11429BA15003A42E1 /* CFNetwork.framework */,
				88675A841429B713003A42E1 /* UIKit.framework */,
				88675A861429B713003A42E1 /* Foundation.framework */,
				88675A881429B713003A42E1 /* CoreGraphics.framework */,
			);
			name = Frameworks;
			sourceTree = "<group>";
		};
		88675A9F1429B8E2003A42E1 /* Products */ = {
			isa = PBXGroup;
			children = (
				88675AB31429B8E3003A42E1 /* libRestKitNetwork.a */,
				88675AB51429B8E3003A42E1 /* libRestKitObjectMapping.a */,
				88675AB71429B8E3003A42E1 /* libRestKitSupport.a */,
				88675AB91429B8E3003A42E1 /* libRestKitJSONParserNXJSON.a */,
				88675ABB1429B8E3003A42E1 /* libRestKitJSONParserYAJL.a */,
				88675ABD1429B8E3003A42E1 /* libRestKitJSONParserSBJSON.a */,
				88675ABF1429B8E3003A42E1 /* libRestKitJSONParserJSONKit.a */,
				88675AC11429B8E3003A42E1 /* libRestKitXMLParserLibxml.a */,
				88675AC31429B8E3003A42E1 /* libRestKitCoreData.a */,
				88675AC51429B8E3003A42E1 /* libRestKitThree20.a */,
				88675AC71429B8E3003A42E1 /* RestKitSpecs.app */,
			);
			name = Products;
			sourceTree = "<group>";
		};
		88BDF1B11429C936008E2774 /* Source */ = {
			isa = PBXGroup;
			children = (
				88C8485614334A9800C500EB /* WebArchive */,
				88F3491A14330A1700F06F1F /* NSAttributedStrings */,
				88BDF1B31429C936008E2774 /* ConferenceApp-Prefix.pch */,
				88BDF1B41429C936008E2774 /* ConferenceAppAppDelegate.h */,
				88BDF1B51429C936008E2774 /* ConferenceAppAppDelegate.m */,
				88BDF1B61429C936008E2774 /* InfoPlist.strings */,
				88BDF1B81429C936008E2774 /* MainWindow.xib */,
				88BDF1BA1429C936008E2774 /* main.m */,
				88202631142B21A5003BA1F5 /* BaseUITableViewController.h */,
				88202632142B21A5003BA1F5 /* BaseUITableViewController.m */,
				8820263F142B35AD003BA1F5 /* SessionTableViewController.h */,
				88202640142B35AD003BA1F5 /* SessionTableViewController.m */,
				8820264E142C6696003BA1F5 /* SpeakerTableViewController.h */,
				8820264F142C6696003BA1F5 /* SpeakerTableViewController.m */,
				88F34862143056B200F06F1F /* SessionDetailsViewController.h */,
				88F34863143056B200F06F1F /* SessionDetailsViewController.m */,
				88F34864143056B200F06F1F /* SessionDetailsViewController.xib */,
			);
			path = Source;
			sourceTree = "<group>";
		};
		88BDF1C01429CA34008E2774 /* Resources */ = {
			isa = PBXGroup;
			children = (
				88F348BC14307A9400F06F1F /* Zickzack.png */,
				88F348BA1430737300F06F1F /* Zigzag.png */,
				88202655142CC2EA003BA1F5 /* Buttons */,
				88BDF1C11429CA34008E2774 /* ConferenceApp-Info.plist */,
			);
			path = Resources;
			sourceTree = "<group>";
		};
		88C8485614334A9800C500EB /* WebArchive */ = {
			isa = PBXGroup;
			children = (
				88C8485714334A9800C500EB /* DTWebArchive.h */,
				88C8485814334A9800C500EB /* DTWebArchive.m */,
				88C8485914334A9800C500EB /* DTWebResource.h */,
				88C8485A14334A9800C500EB /* DTWebResource.m */,
				88C8485B14334A9800C500EB /* NSDictionary+Data.h */,
				88C8485C14334A9800C500EB /* NSDictionary+Data.m */,
				88C8485D14334A9800C500EB /* UIPasteboard+DTWebArchive.h */,
				88C8485E14334A9800C500EB /* UIPasteboard+DTWebArchive.m */,
			);
			path = WebArchive;
			sourceTree = "<group>";
		};
		88F3491A14330A1700F06F1F /* NSAttributedStrings */ = {
			isa = PBXGroup;
			children = (
				88F3491B14330A1700F06F1F /* CGUtils.h */,
				88F3491C14330A1700F06F1F /* CGUtils.m */,
				88F3492314330A1700F06F1F /* DTAttributedTextCell.h */,
				88F3492414330A1700F06F1F /* DTAttributedTextCell.m */,
				88F3492514330A1700F06F1F /* DTAttributedTextContentView.h */,
				88F3492614330A1700F06F1F /* DTAttributedTextContentView.m */,
				88F3492714330A1700F06F1F /* DTAttributedTextView.h */,
				88F3492814330A1700F06F1F /* DTAttributedTextView.m */,
				88F3492914330A1700F06F1F /* DTCache.h */,
				88F3492A14330A1700F06F1F /* DTCache.m */,
				88F3492B14330A1700F06F1F /* DTCoreTextFontCollection.h */,
				88F3492C14330A1700F06F1F /* DTCoreTextFontCollection.m */,
				88F3492D14330A1700F06F1F /* DTCoreTextFontDescriptor.h */,
				88F3492E14330A1700F06F1F /* DTCoreTextFontDescriptor.m */,
				88F3492F14330A1700F06F1F /* DTCoreTextGlyphRun.h */,
				88F3493014330A1700F06F1F /* DTCoreTextGlyphRun.m */,
				88F3493114330A1700F06F1F /* DTCoreTextLayouter.h */,
				88F3493214330A1700F06F1F /* DTCoreTextLayouter.m */,
				88F3493314330A1700F06F1F /* DTCoreTextLayoutFrame.h */,
				88F3493414330A1700F06F1F /* DTCoreTextLayoutFrame.m */,
				88F3493514330A1700F06F1F /* DTCoreTextLayoutLine.h */,
				88F3493614330A1700F06F1F /* DTCoreTextLayoutLine.m */,
				88F3493714330A1700F06F1F /* DTCoreTextParagraphStyle.h */,
				88F3493814330A1700F06F1F /* DTCoreTextParagraphStyle.m */,
				88F3493914330A1700F06F1F /* DTCSSListStyle.h */,
				88F3493A14330A1700F06F1F /* DTCSSListStyle.m */,
				88F3493B14330A1700F06F1F /* DTCSSStylesheet.h */,
				88F3493C14330A1700F06F1F /* DTCSSStylesheet.m */,
				88F3493D14330A1700F06F1F /* DTHTMLElement.h */,
				88F3493E14330A1700F06F1F /* DTHTMLElement.m */,
				88F3493F14330A1700F06F1F /* DTLazyImageView.h */,
				88F3494014330A1700F06F1F /* DTLazyImageView.m */,
				88F3494114330A1700F06F1F /* DTLinkButton.h */,
				88F3494214330A1700F06F1F /* DTLinkButton.m */,
				88F3494314330A1700F06F1F /* DTRangedAttribute.h */,
				88F3494414330A1700F06F1F /* DTRangedAttribute.m */,
				88F3494514330A1700F06F1F /* DTRangedAttributesOptimizer.h */,
				88F3494614330A1700F06F1F /* DTRangedAttributesOptimizer.m */,
				88F3494714330A1700F06F1F /* DTTextAttachment.h */,
				88F3494814330A1700F06F1F /* DTTextAttachment.m */,
				88F3494914330A1700F06F1F /* DTWebVideoView.h */,
				88F3494A14330A1700F06F1F /* DTWebVideoView.m */,
				88F3494D14330A1700F06F1F /* NSAttributedString+HTML.h */,
				88F3494E14330A1700F06F1F /* NSAttributedString+HTML.m */,
				88F3495114330A1700F06F1F /* NSAttributedStringRunDelegates.h */,
				88F3495214330A1700F06F1F /* NSAttributedStringRunDelegates.m */,
				88F3495314330A1700F06F1F /* NSCharacterSet+HTML.h */,
				88F3495414330A1700F06F1F /* NSCharacterSet+HTML.m */,
				88F3495514330A1700F06F1F /* NSData+Base64.h */,
				88F3495614330A1700F06F1F /* NSData+Base64.m */,
				88F3495714330A1700F06F1F /* NSMutableAttributedString+HTML.h */,
				88F3495814330A1700F06F1F /* NSMutableAttributedString+HTML.m */,
				88F3495914330A1700F06F1F /* NSScanner+HTML.h */,
				88F3495A14330A1700F06F1F /* NSScanner+HTML.m */,
				88F3495B14330A1700F06F1F /* NSString+HTML.h */,
				88F3495C14330A1700F06F1F /* NSString+HTML.m */,
				88F3495D14330A1700F06F1F /* NSString+UTF8Cleaner.h */,
				88F3495E14330A1700F06F1F /* NSString+UTF8Cleaner.m */,
				88F3496114330A1700F06F1F /* NSURL+HTML.h */,
				88F3496214330A1700F06F1F /* NSURL+HTML.m */,
				88F3496314330A1700F06F1F /* UIColor+HTML.h */,
				88F3496414330A1700F06F1F /* UIColor+HTML.m */,
				88F3496714330A1700F06F1F /* UIDevice+DTVersion.h */,
				88F3496814330A1700F06F1F /* UIDevice+DTVersion.m */,
			);
			path = NSAttributedStrings;
			sourceTree = "<group>";
		};
/* End PBXGroup section */

/* Begin PBXNativeTarget section */
		88675A7F1429B713003A42E1 /* ConferenceApp */ = {
			isa = PBXNativeTarget;
			buildConfigurationList = 88675A9B1429B713003A42E1 /* Build configuration list for PBXNativeTarget "ConferenceApp" */;
			buildPhases = (
				88675A7C1429B713003A42E1 /* Sources */,
				88675A7D1429B713003A42E1 /* Frameworks */,
				88675A7E1429B713003A42E1 /* Resources */,
			);
			buildRules = (
			);
			dependencies = (
				88675AE01429B9F6003A42E1 /* PBXTargetDependency */,
			);
			name = ConferenceApp;
			productName = ConferenceApp;
			productReference = 88675A801429B713003A42E1 /* ConferenceApp.app */;
			productType = "com.apple.product-type.application";
		};
/* End PBXNativeTarget section */

/* Begin PBXProject section */
		88675A771429B713003A42E1 /* Project object */ = {
			isa = PBXProject;
			attributes = {
				LastUpgradeCheck = 0420;
				ORGANIZATIONNAME = "http://peterfriese.de";
			};
			buildConfigurationList = 88675A7A1429B713003A42E1 /* Build configuration list for PBXProject "ConferenceApp" */;
			compatibilityVersion = "Xcode 3.2";
			developmentRegion = English;
			hasScannedForEncodings = 0;
			knownRegions = (
				en,
			);
			mainGroup = 88675A751429B713003A42E1;
			productRefGroup = 88675A811429B713003A42E1 /* Products */;
			projectDirPath = "";
			projectReferences = (
				{
					ProductGroup = 88675A9F1429B8E2003A42E1 /* Products */;
					ProjectRef = 88675A9E1429B8E2003A42E1 /* RestKit.xcodeproj */;
				},
			);
			projectRoot = "";
			targets = (
				88675A7F1429B713003A42E1 /* ConferenceApp */,
			);
		};
/* End PBXProject section */

/* Begin PBXReferenceProxy section */
		88675AB31429B8E3003A42E1 /* libRestKitNetwork.a */ = {
			isa = PBXReferenceProxy;
			fileType = archive.ar;
			path = libRestKitNetwork.a;
			remoteRef = 88675AB21429B8E3003A42E1 /* PBXContainerItemProxy */;
			sourceTree = BUILT_PRODUCTS_DIR;
		};
		88675AB51429B8E3003A42E1 /* libRestKitObjectMapping.a */ = {
			isa = PBXReferenceProxy;
			fileType = archive.ar;
			path = libRestKitObjectMapping.a;
			remoteRef = 88675AB41429B8E3003A42E1 /* PBXContainerItemProxy */;
			sourceTree = BUILT_PRODUCTS_DIR;
		};
		88675AB71429B8E3003A42E1 /* libRestKitSupport.a */ = {
			isa = PBXReferenceProxy;
			fileType = archive.ar;
			path = libRestKitSupport.a;
			remoteRef = 88675AB61429B8E3003A42E1 /* PBXContainerItemProxy */;
			sourceTree = BUILT_PRODUCTS_DIR;
		};
		88675AB91429B8E3003A42E1 /* libRestKitJSONParserNXJSON.a */ = {
			isa = PBXReferenceProxy;
			fileType = archive.ar;
			path = libRestKitJSONParserNXJSON.a;
			remoteRef = 88675AB81429B8E3003A42E1 /* PBXContainerItemProxy */;
			sourceTree = BUILT_PRODUCTS_DIR;
		};
		88675ABB1429B8E3003A42E1 /* libRestKitJSONParserYAJL.a */ = {
			isa = PBXReferenceProxy;
			fileType = archive.ar;
			path = libRestKitJSONParserYAJL.a;
			remoteRef = 88675ABA1429B8E3003A42E1 /* PBXContainerItemProxy */;
			sourceTree = BUILT_PRODUCTS_DIR;
		};
		88675ABD1429B8E3003A42E1 /* libRestKitJSONParserSBJSON.a */ = {
			isa = PBXReferenceProxy;
			fileType = archive.ar;
			path = libRestKitJSONParserSBJSON.a;
			remoteRef = 88675ABC1429B8E3003A42E1 /* PBXContainerItemProxy */;
			sourceTree = BUILT_PRODUCTS_DIR;
		};
		88675ABF1429B8E3003A42E1 /* libRestKitJSONParserJSONKit.a */ = {
			isa = PBXReferenceProxy;
			fileType = archive.ar;
			path = libRestKitJSONParserJSONKit.a;
			remoteRef = 88675ABE1429B8E3003A42E1 /* PBXContainerItemProxy */;
			sourceTree = BUILT_PRODUCTS_DIR;
		};
		88675AC11429B8E3003A42E1 /* libRestKitXMLParserLibxml.a */ = {
			isa = PBXReferenceProxy;
			fileType = archive.ar;
			path = libRestKitXMLParserLibxml.a;
			remoteRef = 88675AC01429B8E3003A42E1 /* PBXContainerItemProxy */;
			sourceTree = BUILT_PRODUCTS_DIR;
		};
		88675AC31429B8E3003A42E1 /* libRestKitCoreData.a */ = {
			isa = PBXReferenceProxy;
			fileType = archive.ar;
			path = libRestKitCoreData.a;
			remoteRef = 88675AC21429B8E3003A42E1 /* PBXContainerItemProxy */;
			sourceTree = BUILT_PRODUCTS_DIR;
		};
		88675AC51429B8E3003A42E1 /* libRestKitThree20.a */ = {
			isa = PBXReferenceProxy;
			fileType = archive.ar;
			path = libRestKitThree20.a;
			remoteRef = 88675AC41429B8E3003A42E1 /* PBXContainerItemProxy */;
			sourceTree = BUILT_PRODUCTS_DIR;
		};
		88675AC71429B8E3003A42E1 /* RestKitSpecs.app */ = {
			isa = PBXReferenceProxy;
			fileType = wrapper.application;
			path = RestKitSpecs.app;
			remoteRef = 88675AC61429B8E3003A42E1 /* PBXContainerItemProxy */;
			sourceTree = BUILT_PRODUCTS_DIR;
		};
/* End PBXReferenceProxy section */

/* Begin PBXResourcesBuildPhase section */
		88675A7E1429B713003A42E1 /* Resources */ = {
			isa = PBXResourcesBuildPhase;
			buildActionMask = 2147483647;
			files = (
				88BDF1BD1429C936008E2774 /* InfoPlist.strings in Resources */,
				88BDF1BE1429C936008E2774 /* MainWindow.xib in Resources */,
				8820265A142CC2EA003BA1F5 /* Star.png in Resources */,
				8820265B142CC2EA003BA1F5 /* Star@2x.png in Resources */,
				8820265C142CC2EA003BA1F5 /* StarSelected.png in Resources */,
				8820265D142CC2EA003BA1F5 /* StarSelected@2x.png in Resources */,
				88F34866143056B200F06F1F /* SessionDetailsViewController.xib in Resources */,
				88F348BB1430737300F06F1F /* Zigzag.png in Resources */,
				88F348BD14307A9400F06F1F /* Zickzack.png in Resources */,
				88C848BA143479A800C500EB /* 66-microphone.png in Resources */,
				88C848BB143479A800C500EB /* 66-microphone@2x.png in Resources */,
				88C848BC143479A800C500EB /* 83-calendar.png in Resources */,
				88C848BD143479A800C500EB /* 83-calendar@2x.png in Resources */,
			);
			runOnlyForDeploymentPostprocessing = 0;
		};
/* End PBXResourcesBuildPhase section */

/* Begin PBXSourcesBuildPhase section */
		88675A7C1429B713003A42E1 /* Sources */ = {
			isa = PBXSourcesBuildPhase;
			buildActionMask = 2147483647;
			files = (
				88BDF1BC1429C936008E2774 /* ConferenceAppAppDelegate.m in Sources */,
				88BDF1BF1429C936008E2774 /* main.m in Sources */,
				882025BA1429D704003BA1F5 /* ConferenceApp.xcdatamodeld in Sources */,
				88202633142B21A5003BA1F5 /* BaseUITableViewController.m in Sources */,
				88202641142B35AD003BA1F5 /* SessionTableViewController.m in Sources */,
				8820264A142C5CCF003BA1F5 /* Speaker.m in Sources */,
				88202650142C6696003BA1F5 /* SpeakerTableViewController.m in Sources */,
				88F34865143056B200F06F1F /* SessionDetailsViewController.m in Sources */,
				88F3496914330A1700F06F1F /* CGUtils.m in Sources */,
				88F3496D14330A1700F06F1F /* DTAttributedTextCell.m in Sources */,
				88F3496E14330A1700F06F1F /* DTAttributedTextContentView.m in Sources */,
				88F3496F14330A1700F06F1F /* DTAttributedTextView.m in Sources */,
				88F3497014330A1700F06F1F /* DTCache.m in Sources */,
				88F3497114330A1700F06F1F /* DTCoreTextFontCollection.m in Sources */,
				88F3497214330A1700F06F1F /* DTCoreTextFontDescriptor.m in Sources */,
				88F3497314330A1700F06F1F /* DTCoreTextGlyphRun.m in Sources */,
				88F3497414330A1700F06F1F /* DTCoreTextLayouter.m in Sources */,
				88F3497514330A1700F06F1F /* DTCoreTextLayoutFrame.m in Sources */,
				88F3497614330A1700F06F1F /* DTCoreTextLayoutLine.m in Sources */,
				88F3497714330A1700F06F1F /* DTCoreTextParagraphStyle.m in Sources */,
				88F3497814330A1700F06F1F /* DTCSSListStyle.m in Sources */,
				88F3497914330A1700F06F1F /* DTCSSStylesheet.m in Sources */,
				88F3497A14330A1700F06F1F /* DTHTMLElement.m in Sources */,
				88F3497B14330A1700F06F1F /* DTLazyImageView.m in Sources */,
				88F3497C14330A1700F06F1F /* DTLinkButton.m in Sources */,
				88F3497D14330A1700F06F1F /* DTRangedAttribute.m in Sources */,
				88F3497E14330A1700F06F1F /* DTRangedAttributesOptimizer.m in Sources */,
				88F3497F14330A1700F06F1F /* DTTextAttachment.m in Sources */,
				88F3498014330A1700F06F1F /* DTWebVideoView.m in Sources */,
				88F3498214330A1700F06F1F /* NSAttributedString+HTML.m in Sources */,
				88F3498414330A1700F06F1F /* NSAttributedStringRunDelegates.m in Sources */,
				88F3498514330A1700F06F1F /* NSCharacterSet+HTML.m in Sources */,
				88F3498614330A1700F06F1F /* NSData+Base64.m in Sources */,
				88F3498714330A1700F06F1F /* NSMutableAttributedString+HTML.m in Sources */,
				88F3498814330A1700F06F1F /* NSScanner+HTML.m in Sources */,
				88F3498914330A1700F06F1F /* NSString+HTML.m in Sources */,
				88F3498A14330A1700F06F1F /* NSString+UTF8Cleaner.m in Sources */,
				88F3498C14330A1700F06F1F /* NSURL+HTML.m in Sources */,
				88F3498D14330A1700F06F1F /* UIColor+HTML.m in Sources */,
				88F3498F14330A1700F06F1F /* UIDevice+DTVersion.m in Sources */,
				88C8485F14334A9800C500EB /* DTWebArchive.m in Sources */,
				88C8486014334A9800C500EB /* DTWebResource.m in Sources */,
				88C8486114334A9800C500EB /* NSDictionary+Data.m in Sources */,
				88C8486214334A9800C500EB /* UIPasteboard+DTWebArchive.m in Sources */,
				88C848C014347C3200C500EB /* Session.m in Sources */,
			);
			runOnlyForDeploymentPostprocessing = 0;
		};
/* End PBXSourcesBuildPhase section */

/* Begin PBXTargetDependency section */
		88675AE01429B9F6003A42E1 /* PBXTargetDependency */ = {
			isa = PBXTargetDependency;
			name = RestKit;
			targetProxy = 88675ADF1429B9F6003A42E1 /* PBXContainerItemProxy */;
		};
/* End PBXTargetDependency section */

/* Begin PBXVariantGroup section */
		88BDF1B61429C936008E2774 /* InfoPlist.strings */ = {
			isa = PBXVariantGroup;
			children = (
				88BDF1B71429C936008E2774 /* en */,
			);
			name = InfoPlist.strings;
			sourceTree = "<group>";
		};
		88BDF1B81429C936008E2774 /* MainWindow.xib */ = {
			isa = PBXVariantGroup;
			children = (
				88BDF1B91429C936008E2774 /* en */,
			);
			name = MainWindow.xib;
			sourceTree = "<group>";
		};
/* End PBXVariantGroup section */

/* Begin XCBuildConfiguration section */
		88675A991429B713003A42E1 /* Debug */ = {
			isa = XCBuildConfiguration;
			buildSettings = {
				ALWAYS_SEARCH_USER_PATHS = NO;
				ARCHS = "$(ARCHS_STANDARD_32_BIT)";
				"CODE_SIGN_IDENTITY[sdk=iphoneos*]" = "iPhone Developer";
				COPY_PHASE_STRIP = NO;
				GCC_C_LANGUAGE_STANDARD = gnu99;
				GCC_DYNAMIC_NO_PIC = NO;
				GCC_OPTIMIZATION_LEVEL = 0;
				GCC_PREPROCESSOR_DEFINITIONS = (
					"DEBUG=1",
					"$(inherited)",
				);
				GCC_SYMBOLS_PRIVATE_EXTERN = NO;
				GCC_VERSION = com.apple.compilers.llvm.clang.1_0;
				GCC_WARN_ABOUT_MISSING_PROTOTYPES = YES;
				GCC_WARN_ABOUT_RETURN_TYPE = YES;
				GCC_WARN_UNUSED_VARIABLE = YES;
				HEADER_SEARCH_PATHS = "";
				IPHONEOS_DEPLOYMENT_TARGET = 4.3;
				OTHER_LDFLAGS = "";
				SDKROOT = iphoneos;
				USER_HEADER_SEARCH_PATHS = "\"${SOURCE_ROOT}/Frameworks/RestKit/Build\"";
			};
			name = Debug;
		};
		88675A9A1429B713003A42E1 /* Release */ = {
			isa = XCBuildConfiguration;
			buildSettings = {
				ALWAYS_SEARCH_USER_PATHS = NO;
				ARCHS = "$(ARCHS_STANDARD_32_BIT)";
				"CODE_SIGN_IDENTITY[sdk=iphoneos*]" = "iPhone Developer";
				COPY_PHASE_STRIP = YES;
				GCC_C_LANGUAGE_STANDARD = gnu99;
				GCC_VERSION = com.apple.compilers.llvm.clang.1_0;
				GCC_WARN_ABOUT_MISSING_PROTOTYPES = YES;
				GCC_WARN_ABOUT_RETURN_TYPE = YES;
				GCC_WARN_UNUSED_VARIABLE = YES;
				HEADER_SEARCH_PATHS = "";
				IPHONEOS_DEPLOYMENT_TARGET = 4.3;
				OTHER_CFLAGS = "-DNS_BLOCK_ASSERTIONS=1";
				OTHER_LDFLAGS = "";
				SDKROOT = iphoneos;
				USER_HEADER_SEARCH_PATHS = "\"${SOURCE_ROOT}/Frameworks/RestKit/Build\"";
				VALIDATE_PRODUCT = YES;
			};
			name = Release;
		};
		88675A9C1429B713003A42E1 /* Debug */ = {
			isa = XCBuildConfiguration;
			buildSettings = {
				GCC_PRECOMPILE_PREFIX_HEADER = YES;
				GCC_PREFIX_HEADER = "Source/ConferenceApp-Prefix.pch";
				HEADER_SEARCH_PATHS = "\"${SOURCE_ROOT}/Frameworks/RestKit/Build\"";
				INFOPLIST_FILE = "Resources/ConferenceApp-Info.plist";
				IPHONEOS_DEPLOYMENT_TARGET = 4.0;
				OTHER_LDFLAGS = "-ObjC";
				PRODUCT_NAME = "$(TARGET_NAME)";
				USER_HEADER_SEARCH_PATHS = "";
				WRAPPER_EXTENSION = app;
			};
			name = Debug;
		};
		88675A9D1429B713003A42E1 /* Release */ = {
			isa = XCBuildConfiguration;
			buildSettings = {
				GCC_PRECOMPILE_PREFIX_HEADER = YES;
				GCC_PREFIX_HEADER = "Source/ConferenceApp-Prefix.pch";
				HEADER_SEARCH_PATHS = "\"${SOURCE_ROOT}/Frameworks/RestKit/Build\"";
				INFOPLIST_FILE = "Resources/ConferenceApp-Info.plist";
				IPHONEOS_DEPLOYMENT_TARGET = 4.0;
				OTHER_LDFLAGS = "-ObjC";
				PRODUCT_NAME = "$(TARGET_NAME)";
				USER_HEADER_SEARCH_PATHS = "";
				WRAPPER_EXTENSION = app;
			};
			name = Release;
		};
/* End XCBuildConfiguration section */

/* Begin XCConfigurationList section */
		88675A7A1429B713003A42E1 /* Build configuration list for PBXProject "ConferenceApp" */ = {
			isa = XCConfigurationList;
			buildConfigurations = (
				88675A991429B713003A42E1 /* Debug */,
				88675A9A1429B713003A42E1 /* Release */,
			);
			defaultConfigurationIsVisible = 0;
			defaultConfigurationName = Release;
		};
		88675A9B1429B713003A42E1 /* Build configuration list for PBXNativeTarget "ConferenceApp" */ = {
			isa = XCConfigurationList;
			buildConfigurations = (
				88675A9C1429B713003A42E1 /* Debug */,
				88675A9D1429B713003A42E1 /* Release */,
			);
			defaultConfigurationIsVisible = 0;
			defaultConfigurationName = Release;
		};
/* End XCConfigurationList section */

/* Begin XCVersionGroup section */
		882025B81429D704003BA1F5 /* ConferenceApp.xcdatamodeld */ = {
			isa = XCVersionGroup;
			children = (
				882025B91429D704003BA1F5 /* ConferenceApp.xcdatamodel */,
			);
			currentVersion = 882025B91429D704003BA1F5 /* ConferenceApp.xcdatamodel */;
			path = ConferenceApp.xcdatamodeld;
			sourceTree = "<group>";
			versionGroupType = wrapper.xcdatamodel;
		};
/* End XCVersionGroup section */
	};
	rootObject = 88675A771429B713003A42E1 /* Project object */;
}
